Microsoft Visual Studio Solution File, Format Version 12.00
# Visual Studio Version 17
VisualStudioVersion = 17.5.2.0
MinimumVisualStudioVersion = 10.0.40219.1
Project("{FAE04EC0-301F-11D3-BF4B-00C04F79EFBC}") = "MessageBroker", "MessageBroker.csproj", "{C5507F18-7A2A-256A-072D-11097E4E3AB8}"
EndProject
Global
	GlobalSection(SolutionConfigurationPlatforms) = preSolution
		Debug|Any CPU = Debug|Any CPU
		Release|Any CPU = Release|Any CPU
	EndGlobalSection
	GlobalSection(ProjectConfigurationPlatforms) = postSolution
		{C5507F18-7A2A-256A-072D-11097E4E3AB8}.Debug|Any CPU.ActiveCfg = Debug|Any CPU
		{C5507F18-7A2A-256A-072D-11097E4E3AB8}.Debug|Any CPU.Build.0 = Debug|Any CPU
		{C5507F18-7A2A-256A-072D-11097E4E3AB8}.Release|Any CPU.ActiveCfg = Release|Any CPU
		{C5507F18-7A2A-256A-072D-11097E4E3AB8}.Release|Any CPU.Build.0 = Release|Any CPU
	EndGlobalSection
	GlobalSection(SolutionProperties) = preSolution
		HideSolutionNode = FALSE
	EndGlobalSection
	GlobalSection(ExtensibilityGlobals) = postSolution
		SolutionGuid = {F9AEB7F5-076E-41F5-AE2A-B31E40466723}
	EndGlobalSection
EndGlobal
